{
  "name": "codex-mcp-for-google-clarity-mangools",
  "lockfileVersion": 3,
  "requires": true,
  "packages": {
    "": {
      "name": "codex-mcp-for-google-clarity-mangools",
      "devDependencies": {
        "chrome-devtools-mcp": "1.3.0"
      }
    },
    "node_modules/chrome-devtools-mcp": {
      "version": "1.3.0",
      "resolved": "https://registry.npmjs.org/chrome-devtools-mcp/-/chrome-devtools-mcp-1.3.0.tgz",
      "integrity": "sha512-52NVUwWSL4eW7W9nsDrzYJF96IKVuxEwAn4O7ZfdNRtopS954P9nryJbdYwg7vdqxhLrvioGFlm5e4P41WXsiw==",
      "dev": true,
      "bin": {
        "chrome-devtools": "build/src/bin/chrome-devtools.js",
        "chrome-devtools-mcp": "build/src/bin/chrome-devtools-mcp.js"
      },
      "engines": {
        "node": "^20.19.0 || ^22.12.0 || >=23"
      }
    }
  }
}
